Microsoft Visual Studio Solution File, Format Version 11.00
# Visual Studio 2010
Project("{2150E333-8FDC-42A3-9474-1A3956D46DE8}") = "biz", "biz", "{11D8AC5D-9E52-45F4-86B1-9C1BEFEA5D72}"
EndProject
Project("{2150E333-8FDC-42A3-9474-1A3956D46DE8}") = "dal", "dal", "{3FC8EF89-5F5E-4BF6-B4D8-7BC64230D746}"
EndProject
Project("{2150E333-8FDC-42A3-9474-1A3956D46DE8}") = "ui", "ui", "{BD91F65D-2D6D-4EEB-BFDB-CBDBEF096830}"
EndProject
Project("{FAE04EC0-301F-11D3-BF4B-00C04F79EFBC}") = "Cynthia.Web", "Web\Cynthia.Web.csproj", "{8E511D65-4779-4689-82D4-811D3FE6866E}"
EndProject
Project("{FAE04EC0-301F-11D3-BF4B-00C04F79EFBC}") = "Cynthia.Business.WebHelpers", "Cynthia.Business.WebHelpers\Cynthia.Business.WebHelpers.csproj", "{4EAD30EC-4F97-4F38-8530-1B7EDDB8FC8E}"
EndProject
Project("{FAE04EC0-301F-11D3-BF4B-00C04F79EFBC}") = "Cynthia.Business", "Cynthia.Business\Cynthia.Business.csproj", "{8582D51E-126B-4D64-B080-07AD8245B38F}"
EndProject
Project("{FAE04EC0-301F-11D3-BF4B-00C04F79EFBC}") = "Cynthia.Modules.Business", "Cynthia.Modules.Business\Cynthia.Modules.Business.csproj", "{65849992-8F44-4480-9494-1CA0D6325795}"
EndProject
Project("{FAE04EC0-301F-11D3-BF4B-00C04F79EFBC}") = "Cynthia.Data.SQLite", "Cynthia.Data.SQLite\Cynthia.Data.SQLite.csproj", "{C224A35B-AB21-4476-A411-CA5BA406598B}"
EndProject
Project("{FAE04EC0-301F-11D3-BF4B-00C04F79EFBC}") = "Cynthia.Modules.Data.SQLite", "Cynthia.Modules.Data.SQLite\Cynthia.Modules.Data.SQLite.csproj", "{C9FC1EB2-96C9-4458-AAD4-0432E0D33C39}"
EndProject
Project("{FAE04EC0-301F-11D3-BF4B-00C04F79EFBC}") = "Cynthia.Web.Framework", "Cynthia.Web.Framework\Cynthia.Web.Framework.csproj", "{E0D12031-BFDD-4069-9024-8B00A2AA6DBC}"
EndProject
Project("{FAE04EC0-301F-11D3-BF4B-00C04F79EFBC}") = "Cynthia.Net", "Cynthia.Net\Cynthia.Net.csproj", "{30916752-1A97-49CA-95D6-81A5F784EEB5}"
EndProject
Project("{FAE04EC0-301F-11D3-BF4B-00C04F79EFBC}") = "Cynthia.Modules.UI", "Cynthia.Modules.UI\Cynthia.Modules.UI.csproj", "{103F2B02-3224-48BC-B173-1F7E1C85178A}"
EndProject
Project("{FAE04EC0-301F-11D3-BF4B-00C04F79EFBC}") = "Cynthia.Web.Controls", "Cynthia.Web.Controls\Cynthia.Web.Controls.csproj", "{A2DCD1E2-A5C3-4E37-A5F2-093659BC1C38}"
EndProject
Project("{FAE04EC0-301F-11D3-BF4B-00C04F79EFBC}") = "Cynthia.Web.Editor", "Cynthia.Web.Editor\Cynthia.Web.Editor.csproj", "{4F6DDA2C-C9B8-45B2-AADA-3FF922317661}"
EndProject
Global
	GlobalSection(SolutionConfigurationPlatforms) = preSolution
		Debug (SQL Server Only)|.NET = Debug (SQL Server Only)|.NET
		Debug (SQL Server Only)|Any CPU = Debug (SQL Server Only)|Any CPU
		Debug (SQL Server Only)|Mixed Platforms = Debug (SQL Server Only)|Mixed Platforms
		Debug (SQL Server Only)|x64 = Debug (SQL Server Only)|x64
		Debug (SQL Server Only)|x86 = Debug (SQL Server Only)|x86
		Debug|.NET = Debug|.NET
		Debug|Any CPU = Debug|Any CPU
		Debug|Mixed Platforms = Debug|Mixed Platforms
		Debug|x64 = Debug|x64
		Debug|x86 = Debug|x86
		DebugMono|.NET = DebugMono|.NET
		DebugMono|Any CPU = DebugMono|Any CPU
		DebugMono|Mixed Platforms = DebugMono|Mixed Platforms
		DebugMono|x64 = DebugMono|x64
		DebugMono|x86 = DebugMono|x86
		Production|.NET = Production|.NET
		Production|Any CPU = Production|Any CPU
		Production|Mixed Platforms = Production|Mixed Platforms
		Production|x64 = Production|x64
		Production|x86 = Production|x86
		Release (SQL Server Only)|.NET = Release (SQL Server Only)|.NET
		Release (SQL Server Only)|Any CPU = Release (SQL Server Only)|Any CPU
		Release (SQL Server Only)|Mixed Platforms = Release (SQL Server Only)|Mixed Platforms
		Release (SQL Server Only)|x64 = Release (SQL Server Only)|x64
		Release (SQL Server Only)|x86 = Release (SQL Server Only)|x86
		Release|.NET = Release|.NET
		Release|Any CPU = Release|Any CPU
		Release|Mixed Platforms = Release|Mixed Platforms
		Release|x64 = Release|x64
		Release|x86 = Release|x86
		ReleaseMono|.NET = ReleaseMono|.NET
		ReleaseMono|Any CPU = ReleaseMono|Any CPU
		ReleaseMono|Mixed Platforms = ReleaseMono|Mixed Platforms
		ReleaseMono|x64 = ReleaseMono|x64
		ReleaseMono|x86 = ReleaseMono|x86
	EndGlobalSection
	GlobalSection(ProjectConfigurationPlatforms) = postSolution
		{8E511D65-4779-4689-82D4-811D3FE6866E}.Debug (SQL Server Only)|.NET.ActiveCfg = Debug|Any CPU
		{8E511D65-4779-4689-82D4-811D3FE6866E}.Debug (SQL Server Only)|Any CPU.ActiveCfg = Debug|Any CPU
		{8E511D65-4779-4689-82D4-811D3FE6866E}.Debug (SQL Server Only)|Any CPU.Build.0 = Debug|Any CPU
		{8E511D65-4779-4689-82D4-811D3FE6866E}.Debug (SQL Server Only)|Mixed Platforms.ActiveCfg = Debug|Any CPU
		{8E511D65-4779-4689-82D4-811D3FE6866E}.Debug (SQL Server Only)|Mixed Platforms.Build.0 = Debug|Any CPU
		{8E511D65-4779-4689-82D4-811D3FE6866E}.Debug (SQL Server Only)|x64.ActiveCfg = Debug|Any CPU
		{8E511D65-4779-4689-82D4-811D3FE6866E}.Debug (SQL Server Only)|x86.ActiveCfg = Debug|Any CPU
		{8E511D65-4779-4689-82D4-811D3FE6866E}.Debug|.NET.ActiveCfg = Debug|Any CPU
		{8E511D65-4779-4689-82D4-811D3FE6866E}.Debug|Any CPU.ActiveCfg = Debug|Any CPU
		{8E511D65-4779-4689-82D4-811D3FE6866E}.Debug|Any CPU.Build.0 = Debug|Any CPU
		{8E511D65-4779-4689-82D4-811D3FE6866E}.Debug|Mixed Platforms.ActiveCfg = Debug|Any CPU
		{8E511D65-4779-4689-82D4-811D3FE6866E}.Debug|Mixed Platforms.Build.0 = Debug|Any CPU
		{8E511D65-4779-4689-82D4-811D3FE6866E}.Debug|x64.ActiveCfg = Debug|Any CPU
		{8E511D65-4779-4689-82D4-811D3FE6866E}.Debug|x86.ActiveCfg = Debug|Any CPU
		{8E511D65-4779-4689-82D4-811D3FE6866E}.DebugMono|.NET.ActiveCfg = Debug|Any CPU
		{8E511D65-4779-4689-82D4-811D3FE6866E}.DebugMono|Any CPU.ActiveCfg = Debug|Any CPU
		{8E511D65-4779-4689-82D4-811D3FE6866E}.DebugMono|Any CPU.Build.0 = Debug|Any CPU
		{8E511D65-4779-4689-82D4-811D3FE6866E}.DebugMono|Mixed Platforms.ActiveCfg = Debug|Any CPU
		{8E511D65-4779-4689-82D4-811D3FE6866E}.DebugMono|Mixed Platforms.Build.0 = Debug|Any CPU
		{8E511D65-4779-4689-82D4-811D3FE6866E}.DebugMono|x64.ActiveCfg = Debug|Any CPU
		{8E511D65-4779-4689-82D4-811D3FE6866E}.DebugMono|x86.ActiveCfg = Debug|Any CPU
		{8E511D65-4779-4689-82D4-811D3FE6866E}.Production|.NET.ActiveCfg = Release|Any CPU
		{8E511D65-4779-4689-82D4-811D3FE6866E}.Production|Any CPU.ActiveCfg = Release|Any CPU
		{8E511D65-4779-4689-82D4-811D3FE6866E}.Production|Any CPU.Build.0 = Release|Any CPU
		{8E511D65-4779-4689-82D4-811D3FE6866E}.Production|Mixed Platforms.ActiveCfg = Release|Any CPU
		{8E511D65-4779-4689-82D4-811D3FE6866E}.Production|Mixed Platforms.Build.0 = Release|Any CPU
		{8E511D65-4779-4689-82D4-811D3FE6866E}.Production|x64.ActiveCfg = Release|Any CPU
		{8E511D65-4779-4689-82D4-811D3FE6866E}.Production|x86.ActiveCfg = Release|Any CPU
		{8E511D65-4779-4689-82D4-811D3FE6866E}.Release (SQL Server Only)|.NET.ActiveCfg = Release|Any CPU
		{8E511D65-4779-4689-82D4-811D3FE6866E}.Release (SQL Server Only)|Any CPU.ActiveCfg = Release|Any CPU
		{8E511D65-4779-4689-82D4-811D3FE6866E}.Release (SQL Server Only)|Any CPU.Build.0 = Release|Any CPU
		{8E511D65-4779-4689-82D4-811D3FE6866E}.Release (SQL Server Only)|Mixed Platforms.ActiveCfg = Release|Any CPU
		{8E511D65-4779-4689-82D4-811D3FE6866E}.Release (SQL Server Only)|Mixed Platforms.Build.0 = Release|Any CPU
		{8E511D65-4779-4689-82D4-811D3FE6866E}.Release (SQL Server Only)|x64.ActiveCfg = Release|Any CPU
		{8E511D65-4779-4689-82D4-811D3FE6866E}.Release (SQL Server Only)|x86.ActiveCfg = Release|Any CPU
		{8E511D65-4779-4689-82D4-811D3FE6866E}.Release|.NET.ActiveCfg = Release|Any CPU
		{8E511D65-4779-4689-82D4-811D3FE6866E}.Release|Any CPU.ActiveCfg = Release|Any CPU
		{8E511D65-4779-4689-82D4-811D3FE6866E}.Release|Any CPU.Build.0 = Release|Any CPU
		{8E511D65-4779-4689-82D4-811D3FE6866E}.Release|Mixed Platforms.ActiveCfg = Release|Any CPU
		{8E511D65-4779-4689-82D4-811D3FE6866E}.Release|Mixed Platforms.Build.0 = Release|Any CPU
		{8E511D65-4779-4689-82D4-811D3FE6866E}.Release|x64.ActiveCfg = Release|Any CPU
		{8E511D65-4779-4689-82D4-811D3FE6866E}.Release|x86.ActiveCfg = Release|Any CPU
		{8E511D65-4779-4689-82D4-811D3FE6866E}.ReleaseMono|.NET.ActiveCfg = Release|Any CPU
		{8E511D65-4779-4689-82D4-811D3FE6866E}.ReleaseMono|Any CPU.ActiveCfg = Release|Any CPU
		{8E511D65-4779-4689-82D4-811D3FE6866E}.ReleaseMono|Any CPU.Build.0 = Release|Any CPU
		{8E511D65-4779-4689-82D4-811D3FE6866E}.ReleaseMono|Mixed Platforms.ActiveCfg = Release|Any CPU
		{8E511D65-4779-4689-82D4-811D3FE6866E}.ReleaseMono|Mixed Platforms.Build.0 = Release|Any CPU
		{8E511D65-4779-4689-82D4-811D3FE6866E}.ReleaseMono|x64.ActiveCfg = Release|Any CPU
		{8E511D65-4779-4689-82D4-811D3FE6866E}.ReleaseMono|x86.ActiveCfg = Release|Any CPU
		{4EAD30EC-4F97-4F38-8530-1B7EDDB8FC8E}.Debug (SQL Server Only)|.NET.ActiveCfg = Debug|Any CPU
		{4EAD30EC-4F97-4F38-8530-1B7EDDB8FC8E}.Debug (SQL Server Only)|Any CPU.ActiveCfg = Debug|Any CPU
		{4EAD30EC-4F97-4F38-8530-1B7EDDB8FC8E}.Debug (SQL Server Only)|Any CPU.Build.0 = Debug|Any CPU
		{4EAD30EC-4F97-4F38-8530-1B7EDDB8FC8E}.Debug (SQL Server Only)|Mixed Platforms.ActiveCfg = Debug|Any CPU
		{4EAD30EC-4F97-4F38-8530-1B7EDDB8FC8E}.Debug (SQL Server Only)|Mixed Platforms.Build.0 = Debug|Any CPU
		{4EAD30EC-4F97-4F38-8530-1B7EDDB8FC8E}.Debug (SQL Server Only)|x64.ActiveCfg = Debug|Any CPU
		{4EAD30EC-4F97-4F38-8530-1B7EDDB8FC8E}.Debug (SQL Server Only)|x86.ActiveCfg = Debug|Any CPU
		{4EAD30EC-4F97-4F38-8530-1B7EDDB8FC8E}.Debug|.NET.ActiveCfg = Debug|Any CPU
		{4EAD30EC-4F97-4F38-8530-1B7EDDB8FC8E}.Debug|Any CPU.ActiveCfg = Debug|Any CPU
		{4EAD30EC-4F97-4F38-8530-1B7EDDB8FC8E}.Debug|Any CPU.Build.0 = Debug|Any CPU
		{4EAD30EC-4F97-4F38-8530-1B7EDDB8FC8E}.Debug|Mixed Platforms.ActiveCfg = Debug|Any CPU
		{4EAD30EC-4F97-4F38-8530-1B7EDDB8FC8E}.Debug|Mixed Platforms.Build.0 = Debug|Any CPU
		{4EAD30EC-4F97-4F38-8530-1B7EDDB8FC8E}.Debug|x64.ActiveCfg = Debug|Any CPU
		{4EAD30EC-4F97-4F38-8530-1B7EDDB8FC8E}.Debug|x86.ActiveCfg = Debug|Any CPU
		{4EAD30EC-4F97-4F38-8530-1B7EDDB8FC8E}.DebugMono|.NET.ActiveCfg = Debug|Any CPU
		{4EAD30EC-4F97-4F38-8530-1B7EDDB8FC8E}.DebugMono|Any CPU.ActiveCfg = Debug|Any CPU
		{4EAD30EC-4F97-4F38-8530-1B7EDDB8FC8E}.DebugMono|Any CPU.Build.0 = Debug|Any CPU
		{4EAD30EC-4F97-4F38-8530-1B7EDDB8FC8E}.DebugMono|Mixed Platforms.ActiveCfg = Debug|Any CPU
		{4EAD30EC-4F97-4F38-8530-1B7EDDB8FC8E}.DebugMono|Mixed Platforms.Build.0 = Debug|Any CPU
		{4EAD30EC-4F97-4F38-8530-1B7EDDB8FC8E}.DebugMono|x64.ActiveCfg = Debug|Any CPU
		{4EAD30EC-4F97-4F38-8530-1B7EDDB8FC8E}.DebugMono|x86.ActiveCfg = Debug|Any CPU
		{4EAD30EC-4F97-4F38-8530-1B7EDDB8FC8E}.Production|.NET.ActiveCfg = Release|Any CPU
		{4EAD30EC-4F97-4F38-8530-1B7EDDB8FC8E}.Production|Any CPU.ActiveCfg = Release|Any CPU
		{4EAD30EC-4F97-4F38-8530-1B7EDDB8FC8E}.Production|Any CPU.Build.0 = Release|Any CPU
		{4EAD30EC-4F97-4F38-8530-1B7EDDB8FC8E}.Production|Mixed Platforms.ActiveCfg = Release|Any CPU
		{4EAD30EC-4F97-4F38-8530-1B7EDDB8FC8E}.Production|Mixed Platforms.Build.0 = Release|Any CPU
		{4EAD30EC-4F97-4F38-8530-1B7EDDB8FC8E}.Production|x64.ActiveCfg = Release|Any CPU
		{4EAD30EC-4F97-4F38-8530-1B7EDDB8FC8E}.Production|x86.ActiveCfg = Release|Any CPU
		{4EAD30EC-4F97-4F38-8530-1B7EDDB8FC8E}.Release (SQL Server Only)|.NET.ActiveCfg = Release|Any CPU
		{4EAD30EC-4F97-4F38-8530-1B7EDDB8FC8E}.Release (SQL Server Only)|Any CPU.ActiveCfg = Release|Any CPU
		{4EAD30EC-4F97-4F38-8530-1B7EDDB8FC8E}.Release (SQL Server Only)|Any CPU.Build.0 = Release|Any CPU
		{4EAD30EC-4F97-4F38-8530-1B7EDDB8FC8E}.Release (SQL Server Only)|Mixed Platforms.ActiveCfg = Release|Any CPU
		{4EAD30EC-4F97-4F38-8530-1B7EDDB8FC8E}.Release (SQL Server Only)|Mixed Platforms.Build.0 = Release|Any CPU
		{4EAD30EC-4F97-4F38-8530-1B7EDDB8FC8E}.Release (SQL Server Only)|x64.ActiveCfg = Release|Any CPU
		{4EAD30EC-4F97-4F38-8530-1B7EDDB8FC8E}.Release (SQL Server Only)|x86.ActiveCfg = Release|Any CPU
		{4EAD30EC-4F97-4F38-8530-1B7EDDB8FC8E}.Release|.NET.ActiveCfg = Release|Any CPU
		{4EAD30EC-4F97-4F38-8530-1B7EDDB8FC8E}.Release|Any CPU.ActiveCfg = Release|Any CPU
		{4EAD30EC-4F97-4F38-8530-1B7EDDB8FC8E}.Release|Any CPU.Build.0 = Release|Any CPU
		{4EAD30EC-4F97-4F38-8530-1B7EDDB8FC8E}.Release|Mixed Platforms.ActiveCfg = Release|Any CPU
		{4EAD30EC-4F97-4F38-8530-1B7EDDB8FC8E}.Release|Mixed Platforms.Build.0 = Release|Any CPU
		{4EAD30EC-4F97-4F38-8530-1B7EDDB8FC8E}.Release|x64.ActiveCfg = Release|Any CPU
		{4EAD30EC-4F97-4F38-8530-1B7EDDB8FC8E}.Release|x86.ActiveCfg = Release|Any CPU
		{4EAD30EC-4F97-4F38-8530-1B7EDDB8FC8E}.ReleaseMono|.NET.ActiveCfg = Release|Any CPU
		{4EAD30EC-4F97-4F38-8530-1B7EDDB8FC8E}.ReleaseMono|Any CPU.ActiveCfg = Release|Any CPU
		{4EAD30EC-4F97-4F38-8530-1B7EDDB8FC8E}.ReleaseMono|Any CPU.Build.0 = Release|Any CPU
		{4EAD30EC-4F97-4F38-8530-1B7EDDB8FC8E}.ReleaseMono|Mixed Platforms.ActiveCfg = Release|Any CPU
		{4EAD30EC-4F97-4F38-8530-1B7EDDB8FC8E}.ReleaseMono|Mixed Platforms.Build.0 = Release|Any CPU
		{4EAD30EC-4F97-4F38-8530-1B7EDDB8FC8E}.ReleaseMono|x64.ActiveCfg = Release|Any CPU
		{4EAD30EC-4F97-4F38-8530-1B7EDDB8FC8E}.ReleaseMono|x86.ActiveCfg = Release|Any CPU
		{8582D51E-126B-4D64-B080-07AD8245B38F}.Debug (SQL Server Only)|.NET.ActiveCfg = Debug|Any CPU
		{8582D51E-126B-4D64-B080-07AD8245B38F}.Debug (SQL Server Only)|Any CPU.ActiveCfg = Debug|Any CPU
		{8582D51E-126B-4D64-B080-07AD8245B38F}.Debug (SQL Server Only)|Any CPU.Build.0 = Debug|Any CPU
		{8582D51E-126B-4D64-B080-07AD8245B38F}.Debug (SQL Server Only)|Mixed Platforms.ActiveCfg = Debug|Any CPU
		{8582D51E-126B-4D64-B080-07AD8245B38F}.Debug (SQL Server Only)|Mixed Platforms.Build.0 = Debug|Any CPU
		{8582D51E-126B-4D64-B080-07AD8245B38F}.Debug (SQL Server Only)|x64.ActiveCfg = Debug|Any CPU
		{8582D51E-126B-4D64-B080-07AD8245B38F}.Debug (SQL Server Only)|x86.ActiveCfg = Debug|Any CPU
		{8582D51E-126B-4D64-B080-07AD8245B38F}.Debug|.NET.ActiveCfg = Debug|Any CPU
		{8582D51E-126B-4D64-B080-07AD8245B38F}.Debug|Any CPU.ActiveCfg = Debug|Any CPU
		{8582D51E-126B-4D64-B080-07AD8245B38F}.Debug|Any CPU.Build.0 = Debug|Any CPU
		{8582D51E-126B-4D64-B080-07AD8245B38F}.Debug|Mixed Platforms.ActiveCfg = Debug|Any CPU
		{8582D51E-126B-4D64-B080-07AD8245B38F}.Debug|Mixed Platforms.Build.0 = Debug|Any CPU
		{8582D51E-126B-4D64-B080-07AD8245B38F}.Debug|x64.ActiveCfg = Debug|Any CPU
		{8582D51E-126B-4D64-B080-07AD8245B38F}.Debug|x86.ActiveCfg = Debug|Any CPU
		{8582D51E-126B-4D64-B080-07AD8245B38F}.DebugMono|.NET.ActiveCfg = Debug|Any CPU
		{8582D51E-126B-4D64-B080-07AD8245B38F}.DebugMono|Any CPU.ActiveCfg = Debug|Any CPU
		{8582D51E-126B-4D64-B080-07AD8245B38F}.DebugMono|Any CPU.Build.0 = Debug|Any CPU
		{8582D51E-126B-4D64-B080-07AD8245B38F}.DebugMono|Mixed Platforms.ActiveCfg = Debug|Any CPU
		{8582D51E-126B-4D64-B080-07AD8245B38F}.DebugMono|Mixed Platforms.Build.0 = Debug|Any CPU
		{8582D51E-126B-4D64-B080-07AD8245B38F}.DebugMono|x64.ActiveCfg = Debug|Any CPU
		{8582D51E-126B-4D64-B080-07AD8245B38F}.DebugMono|x86.ActiveCfg = Debug|Any CPU
		{8582D51E-126B-4D64-B080-07AD8245B38F}.Production|.NET.ActiveCfg = Release|Any CPU
		{8582D51E-126B-4D64-B080-07AD8245B38F}.Production|Any CPU.ActiveCfg = Release|Any CPU
		{8582D51E-126B-4D64-B080-07AD8245B38F}.Production|Any CPU.Build.0 = Release|Any CPU
		{8582D51E-126B-4D64-B080-07AD8245B38F}.Production|Mixed Platforms.ActiveCfg = Release|Any CPU
		{8582D51E-126B-4D64-B080-07AD8245B38F}.Production|Mixed Platforms.Build.0 = Release|Any CPU
		{8582D51E-126B-4D64-B080-07AD8245B38F}.Production|x64.ActiveCfg = Release|Any CPU
		{8582D51E-126B-4D64-B080-07AD8245B38F}.Production|x86.ActiveCfg = Release|Any CPU
		{8582D51E-126B-4D64-B080-07AD8245B38F}.Release (SQL Server Only)|.NET.ActiveCfg = Release|Any CPU
		{8582D51E-126B-4D64-B080-07AD8245B38F}.Release (SQL Server Only)|Any CPU.ActiveCfg = Release|Any CPU
		{8582D51E-126B-4D64-B080-07AD8245B38F}.Release (SQL Server Only)|Any CPU.Build.0 = Release|Any CPU
		{8582D51E-126B-4D64-B080-07AD8245B38F}.Release (SQL Server Only)|Mixed Platforms.ActiveCfg = Release|Any CPU
		{8582D51E-126B-4D64-B080-07AD8245B38F}.Release (SQL Server Only)|Mixed Platforms.Build.0 = Release|Any CPU
		{8582D51E-126B-4D64-B080-07AD8245B38F}.Release (SQL Server Only)|x64.ActiveCfg = Release|Any CPU
		{8582D51E-126B-4D64-B080-07AD8245B38F}.Release (SQL Server Only)|x86.ActiveCfg = Release|Any CPU
		{8582D51E-126B-4D64-B080-07AD8245B38F}.Release|.NET.ActiveCfg = Release|Any CPU
		{8582D51E-126B-4D64-B080-07AD8245B38F}.Release|Any CPU.ActiveCfg = Release|Any CPU
		{8582D51E-126B-4D64-B080-07AD8245B38F}.Release|Any CPU.Build.0 = Release|Any CPU
		{8582D51E-126B-4D64-B080-07AD8245B38F}.Release|Mixed Platforms.ActiveCfg = Release|Any CPU
		{8582D51E-126B-4D64-B080-07AD8245B38F}.Release|Mixed Platforms.Build.0 = Release|Any CPU
		{8582D51E-126B-4D64-B080-07AD8245B38F}.Release|x64.ActiveCfg = Release|Any CPU
		{8582D51E-126B-4D64-B080-07AD8245B38F}.Release|x86.ActiveCfg = Release|Any CPU
		{8582D51E-126B-4D64-B080-07AD8245B38F}.ReleaseMono|.NET.ActiveCfg = Release|Any CPU
		{8582D51E-126B-4D64-B080-07AD8245B38F}.ReleaseMono|Any CPU.ActiveCfg = Release|Any CPU
		{8582D51E-126B-4D64-B080-07AD8245B38F}.ReleaseMono|Any CPU.Build.0 = Release|Any CPU
		{8582D51E-126B-4D64-B080-07AD8245B38F}.ReleaseMono|Mixed Platforms.ActiveCfg = Release|Any CPU
		{8582D51E-126B-4D64-B080-07AD8245B38F}.ReleaseMono|Mixed Platforms.Build.0 = Release|Any CPU
		{8582D51E-126B-4D64-B080-07AD8245B38F}.ReleaseMono|x64.ActiveCfg = Release|Any CPU
		{8582D51E-126B-4D64-B080-07AD8245B38F}.ReleaseMono|x86.ActiveCfg = Release|Any CPU
		{65849992-8F44-4480-9494-1CA0D6325795}.Debug (SQL Server Only)|.NET.ActiveCfg = Debug|Any CPU
		{65849992-8F44-4480-9494-1CA0D6325795}.Debug (SQL Server Only)|Any CPU.ActiveCfg = Debug|Any CPU
		{65849992-8F44-4480-9494-1CA0D6325795}.Debug (SQL Server Only)|Any CPU.Build.0 = Debug|Any CPU
		{65849992-8F44-4480-9494-1CA0D6325795}.Debug (SQL Server Only)|Mixed Platforms.ActiveCfg = Debug|Any CPU
		{65849992-8F44-4480-9494-1CA0D6325795}.Debug (SQL Server Only)|Mixed Platforms.Build.0 = Debug|Any CPU
		{65849992-8F44-4480-9494-1CA0D6325795}.Debug (SQL Server Only)|x64.ActiveCfg = Debug|Any CPU
		{65849992-8F44-4480-9494-1CA0D6325795}.Debug (SQL Server Only)|x86.ActiveCfg = Debug|Any CPU
		{65849992-8F44-4480-9494-1CA0D6325795}.Debug|.NET.ActiveCfg = Debug|Any CPU
		{65849992-8F44-4480-9494-1CA0D6325795}.Debug|Any CPU.ActiveCfg = Debug|Any CPU
		{65849992-8F44-4480-9494-1CA0D6325795}.Debug|Any CPU.Build.0 = Debug|Any CPU
		{65849992-8F44-4480-9494-1CA0D6325795}.Debug|Mixed Platforms.ActiveCfg = Debug|Any CPU
		{65849992-8F44-4480-9494-1CA0D6325795}.Debug|Mixed Platforms.Build.0 = Debug|Any CPU
		{65849992-8F44-4480-9494-1CA0D6325795}.Debug|x64.ActiveCfg = Debug|Any CPU
		{65849992-8F44-4480-9494-1CA0D6325795}.Debug|x86.ActiveCfg = Debug|Any CPU
		{65849992-8F44-4480-9494-1CA0D6325795}.DebugMono|.NET.ActiveCfg = Debug|Any CPU
		{65849992-8F44-4480-9494-1CA0D6325795}.DebugMono|Any CPU.ActiveCfg = Debug|Any CPU
		{65849992-8F44-4480-9494-1CA0D6325795}.DebugMono|Any CPU.Build.0 = Debug|Any CPU
		{65849992-8F44-4480-9494-1CA0D6325795}.DebugMono|Mixed Platforms.ActiveCfg = Debug|Any CPU
		{65849992-8F44-4480-9494-1CA0D6325795}.DebugMono|Mixed Platforms.Build.0 = Debug|Any CPU
		{65849992-8F44-4480-9494-1CA0D6325795}.DebugMono|x64.ActiveCfg = Debug|Any CPU
		{65849992-8F44-4480-9494-1CA0D6325795}.DebugMono|x86.ActiveCfg = Debug|Any CPU
		{65849992-8F44-4480-9494-1CA0D6325795}.Production|.NET.ActiveCfg = Release|Any CPU
		{65849992-8F44-4480-9494-1CA0D6325795}.Production|Any CPU.ActiveCfg = Release|Any CPU
		{65849992-8F44-4480-9494-1CA0D6325795}.Production|Any CPU.Build.0 = Release|Any CPU
		{65849992-8F44-4480-9494-1CA0D6325795}.Production|Mixed Platforms.ActiveCfg = Release|Any CPU
		{65849992-8F44-4480-9494-1CA0D6325795}.Production|Mixed Platforms.Build.0 = Release|Any CPU
		{65849992-8F44-4480-9494-1CA0D6325795}.Production|x64.ActiveCfg = Release|Any CPU
		{65849992-8F44-4480-9494-1CA0D6325795}.Production|x86.ActiveCfg = Release|Any CPU
		{65849992-8F44-4480-9494-1CA0D6325795}.Release (SQL Server Only)|.NET.ActiveCfg = Release|Any CPU
		{65849992-8F44-4480-9494-1CA0D6325795}.Release (SQL Server Only)|Any CPU.ActiveCfg = Release|Any CPU
		{65849992-8F44-4480-9494-1CA0D6325795}.Release (SQL Server Only)|Any CPU.Build.0 = Release|Any CPU
		{65849992-8F44-4480-9494-1CA0D6325795}.Release (SQL Server Only)|Mixed Platforms.ActiveCfg = Release|Any CPU
		{65849992-8F44-4480-9494-1CA0D6325795}.Release (SQL Server Only)|Mixed Platforms.Build.0 = Release|Any CPU
		{65849992-8F44-4480-9494-1CA0D6325795}.Release (SQL Server Only)|x64.ActiveCfg = Release|Any CPU
		{65849992-8F44-4480-9494-1CA0D6325795}.Release (SQL Server Only)|x86.ActiveCfg = Release|Any CPU
		{65849992-8F44-4480-9494-1CA0D6325795}.Release|.NET.ActiveCfg = Release|Any CPU
		{65849992-8F44-4480-9494-1CA0D6325795}.Release|Any CPU.ActiveCfg = Release|Any CPU
		{65849992-8F44-4480-9494-1CA0D6325795}.Release|Any CPU.Build.0 = Release|Any CPU
		{65849992-8F44-4480-9494-1CA0D6325795}.Release|Mixed Platforms.ActiveCfg = Release|Any CPU
		{65849992-8F44-4480-9494-1CA0D6325795}.Release|Mixed Platforms.Build.0 = Release|Any CPU
		{65849992-8F44-4480-9494-1CA0D6325795}.Release|x64.ActiveCfg = Release|Any CPU
		{65849992-8F44-4480-9494-1CA0D6325795}.Release|x86.ActiveCfg = Release|Any CPU
		{65849992-8F44-4480-9494-1CA0D6325795}.ReleaseMono|.NET.ActiveCfg = Release|Any CPU
		{65849992-8F44-4480-9494-1CA0D6325795}.ReleaseMono|Any CPU.ActiveCfg = Release|Any CPU
		{65849992-8F44-4480-9494-1CA0D6325795}.ReleaseMono|Any CPU.Build.0 = Release|Any CPU
		{65849992-8F44-4480-9494-1CA0D6325795}.ReleaseMono|Mixed Platforms.ActiveCfg = Release|Any CPU
		{65849992-8F44-4480-9494-1CA0D6325795}.ReleaseMono|Mixed Platforms.Build.0 = Release|Any CPU
		{65849992-8F44-4480-9494-1CA0D6325795}.ReleaseMono|x64.ActiveCfg = Release|Any CPU
		{65849992-8F44-4480-9494-1CA0D6325795}.ReleaseMono|x86.ActiveCfg = Release|Any CPU
		{C224A35B-AB21-4476-A411-CA5BA406598B}.Debug (SQL Server Only)|.NET.ActiveCfg = Debug|Any CPU
		{C224A35B-AB21-4476-A411-CA5BA406598B}.Debug (SQL Server Only)|Any CPU.ActiveCfg = Debug|Any CPU
		{C224A35B-AB21-4476-A411-CA5BA406598B}.Debug (SQL Server Only)|Any CPU.Build.0 = Debug|Any CPU
		{C224A35B-AB21-4476-A411-CA5BA406598B}.Debug (SQL Server Only)|Mixed Platforms.ActiveCfg = Debug|Any CPU
		{C224A35B-AB21-4476-A411-CA5BA406598B}.Debug (SQL Server Only)|Mixed Platforms.Build.0 = Debug|Any CPU
		{C224A35B-AB21-4476-A411-CA5BA406598B}.Debug (SQL Server Only)|x64.ActiveCfg = Debug|Any CPU
		{C224A35B-AB21-4476-A411-CA5BA406598B}.Debug (SQL Server Only)|x86.ActiveCfg = Debug|Any CPU
		{C224A35B-AB21-4476-A411-CA5BA406598B}.Debug|.NET.ActiveCfg = Debug|Any CPU
		{C224A35B-AB21-4476-A411-CA5BA406598B}.Debug|Any CPU.ActiveCfg = Debug|Any CPU
		{C224A35B-AB21-4476-A411-CA5BA406598B}.Debug|Any CPU.Build.0 = Debug|Any CPU
		{C224A35B-AB21-4476-A411-CA5BA406598B}.Debug|Mixed Platforms.ActiveCfg = Debug|Any CPU
		{C224A35B-AB21-4476-A411-CA5BA406598B}.Debug|Mixed Platforms.Build.0 = Debug|Any CPU
		{C224A35B-AB21-4476-A411-CA5BA406598B}.Debug|x64.ActiveCfg = Debug|Any CPU
		{C224A35B-AB21-4476-A411-CA5BA406598B}.Debug|x86.ActiveCfg = Debug|Any CPU
		{C224A35B-AB21-4476-A411-CA5BA406598B}.DebugMono|.NET.ActiveCfg = Debug|Any CPU
		{C224A35B-AB21-4476-A411-CA5BA406598B}.DebugMono|Any CPU.ActiveCfg = Debug|Any CPU
		{C224A35B-AB21-4476-A411-CA5BA406598B}.DebugMono|Any CPU.Build.0 = Debug|Any CPU
		{C224A35B-AB21-4476-A411-CA5BA406598B}.DebugMono|Mixed Platforms.ActiveCfg = Debug|Any CPU
		{C224A35B-AB21-4476-A411-CA5BA406598B}.DebugMono|Mixed Platforms.Build.0 = Debug|Any CPU
		{C224A35B-AB21-4476-A411-CA5BA406598B}.DebugMono|x64.ActiveCfg = Debug|Any CPU
		{C224A35B-AB21-4476-A411-CA5BA406598B}.DebugMono|x86.ActiveCfg = Debug|Any CPU
		{C224A35B-AB21-4476-A411-CA5BA406598B}.Production|.NET.ActiveCfg = Release|Any CPU
		{C224A35B-AB21-4476-A411-CA5BA406598B}.Production|Any CPU.ActiveCfg = Release|Any CPU
		{C224A35B-AB21-4476-A411-CA5BA406598B}.Production|Any CPU.Build.0 = Release|Any CPU
		{C224A35B-AB21-4476-A411-CA5BA406598B}.Production|Mixed Platforms.ActiveCfg = Release|Any CPU
		{C224A35B-AB21-4476-A411-CA5BA406598B}.Production|Mixed Platforms.Build.0 = Release|Any CPU
		{C224A35B-AB21-4476-A411-CA5BA406598B}.Production|x64.ActiveCfg = Release|Any CPU
		{C224A35B-AB21-4476-A411-CA5BA406598B}.Production|x86.ActiveCfg = Release|Any CPU
		{C224A35B-AB21-4476-A411-CA5BA406598B}.Release (SQL Server Only)|.NET.ActiveCfg = Release|Any CPU
		{C224A35B-AB21-4476-A411-CA5BA406598B}.Release (SQL Server Only)|Any CPU.ActiveCfg = Release|Any CPU
		{C224A35B-AB21-4476-A411-CA5BA406598B}.Release (SQL Server Only)|Any CPU.Build.0 = Release|Any CPU
		{C224A35B-AB21-4476-A411-CA5BA406598B}.Release (SQL Server Only)|Mixed Platforms.ActiveCfg = Release|Any CPU
		{C224A35B-AB21-4476-A411-CA5BA406598B}.Release (SQL Server Only)|Mixed Platforms.Build.0 = Release|Any CPU
		{C224A35B-AB21-4476-A411-CA5BA406598B}.Release (SQL Server Only)|x64.ActiveCfg = Release|Any CPU
		{C224A35B-AB21-4476-A411-CA5BA406598B}.Release (SQL Server Only)|x86.ActiveCfg = Release|Any CPU
		{C224A35B-AB21-4476-A411-CA5BA406598B}.Release|.NET.ActiveCfg = Release|Any CPU
		{C224A35B-AB21-4476-A411-CA5BA406598B}.Release|Any CPU.ActiveCfg = Release|Any CPU
		{C224A35B-AB21-4476-A411-CA5BA406598B}.Release|Any CPU.Build.0 = Release|Any CPU
		{C224A35B-AB21-4476-A411-CA5BA406598B}.Release|Mixed Platforms.ActiveCfg = Release|Any CPU
		{C224A35B-AB21-4476-A411-CA5BA406598B}.Release|Mixed Platforms.Build.0 = Release|Any CPU
		{C224A35B-AB21-4476-A411-CA5BA406598B}.Release|x64.ActiveCfg = Release|Any CPU
		{C224A35B-AB21-4476-A411-CA5BA406598B}.Release|x86.ActiveCfg = Release|Any CPU
		{C224A35B-AB21-4476-A411-CA5BA406598B}.ReleaseMono|.NET.ActiveCfg = Release|Any CPU
		{C224A35B-AB21-4476-A411-CA5BA406598B}.ReleaseMono|Any CPU.ActiveCfg = Release|Any CPU
		{C224A35B-AB21-4476-A411-CA5BA406598B}.ReleaseMono|Any CPU.Build.0 = Release|Any CPU
		{C224A35B-AB21-4476-A411-CA5BA406598B}.ReleaseMono|Mixed Platforms.ActiveCfg = Release|Any CPU
		{C224A35B-AB21-4476-A411-CA5BA406598B}.ReleaseMono|Mixed Platforms.Build.0 = Release|Any CPU
		{C224A35B-AB21-4476-A411-CA5BA406598B}.ReleaseMono|x64.ActiveCfg = Release|Any CPU
		{C224A35B-AB21-4476-A411-CA5BA406598B}.ReleaseMono|x86.ActiveCfg = Release|Any CPU
		{C9FC1EB2-96C9-4458-AAD4-0432E0D33C39}.Debug (SQL Server Only)|.NET.ActiveCfg = Debug|Any CPU
		{C9FC1EB2-96C9-4458-AAD4-0432E0D33C39}.Debug (SQL Server Only)|Any CPU.ActiveCfg = Debug|Any CPU
		{C9FC1EB2-96C9-4458-AAD4-0432E0D33C39}.Debug (SQL Server Only)|Any CPU.Build.0 = Debug|Any CPU
		{C9FC1EB2-96C9-4458-AAD4-0432E0D33C39}.Debug (SQL Server Only)|Mixed Platforms.ActiveCfg = Debug|Any CPU
		{C9FC1EB2-96C9-4458-AAD4-0432E0D33C39}.Debug (SQL Server Only)|Mixed Platforms.Build.0 = Debug|Any CPU
		{C9FC1EB2-96C9-4458-AAD4-0432E0D33C39}.Debug (SQL Server Only)|x64.ActiveCfg = Debug|Any CPU
		{C9FC1EB2-96C9-4458-AAD4-0432E0D33C39}.Debug (SQL Server Only)|x86.ActiveCfg = Debug|Any CPU
		{C9FC1EB2-96C9-4458-AAD4-0432E0D33C39}.Debug|.NET.ActiveCfg = Debug|Any CPU
		{C9FC1EB2-96C9-4458-AAD4-0432E0D33C39}.Debug|Any CPU.ActiveCfg = Debug|Any CPU
		{C9FC1EB2-96C9-4458-AAD4-0432E0D33C39}.Debug|Any CPU.Build.0 = Debug|Any CPU
		{C9FC1EB2-96C9-4458-AAD4-0432E0D33C39}.Debug|Mixed Platforms.ActiveCfg = Debug|Any CPU
		{C9FC1EB2-96C9-4458-AAD4-0432E0D33C39}.Debug|Mixed Platforms.Build.0 = Debug|Any CPU
		{C9FC1EB2-96C9-4458-AAD4-0432E0D33C39}.Debug|x64.ActiveCfg = Debug|Any CPU
		{C9FC1EB2-96C9-4458-AAD4-0432E0D33C39}.Debug|x86.ActiveCfg = Debug|Any CPU
		{C9FC1EB2-96C9-4458-AAD4-0432E0D33C39}.DebugMono|.NET.ActiveCfg = Debug|Any CPU
		{C9FC1EB2-96C9-4458-AAD4-0432E0D33C39}.DebugMono|Any CPU.ActiveCfg = Debug|Any CPU
		{C9FC1EB2-96C9-4458-AAD4-0432E0D33C39}.DebugMono|Any CPU.Build.0 = Debug|Any CPU
		{C9FC1EB2-96C9-4458-AAD4-0432E0D33C39}.DebugMono|Mixed Platforms.ActiveCfg = Debug|Any CPU
		{C9FC1EB2-96C9-4458-AAD4-0432E0D33C39}.DebugMono|Mixed Platforms.Build.0 = Debug|Any CPU
		{C9FC1EB2-96C9-4458-AAD4-0432E0D33C39}.DebugMono|x64.ActiveCfg = Debug|Any CPU
		{C9FC1EB2-96C9-4458-AAD4-0432E0D33C39}.DebugMono|x86.ActiveCfg = Debug|Any CPU
		{C9FC1EB2-96C9-4458-AAD4-0432E0D33C39}.Production|.NET.ActiveCfg = Release|Any CPU
		{C9FC1EB2-96C9-4458-AAD4-0432E0D33C39}.Production|Any CPU.ActiveCfg = Release|Any CPU
		{C9FC1EB2-96C9-4458-AAD4-0432E0D33C39}.Production|Any CPU.Build.0 = Release|Any CPU
		{C9FC1EB2-96C9-4458-AAD4-0432E0D33C39}.Production|Mixed Platforms.ActiveCfg = Release|Any CPU
		{C9FC1EB2-96C9-4458-AAD4-0432E0D33C39}.Production|Mixed Platforms.Build.0 = Release|Any CPU
		{C9FC1EB2-96C9-4458-AAD4-0432E0D33C39}.Production|x64.ActiveCfg = Release|Any CPU
		{C9FC1EB2-96C9-4458-AAD4-0432E0D33C39}.Production|x86.ActiveCfg = Release|Any CPU
		{C9FC1EB2-96C9-4458-AAD4-0432E0D33C39}.Release (SQL Server Only)|.NET.ActiveCfg = Release|Any CPU
		{C9FC1EB2-96C9-4458-AAD4-0432E0D33C39}.Release (SQL Server Only)|Any CPU.ActiveCfg = Release|Any CPU
		{C9FC1EB2-96C9-4458-AAD4-0432E0D33C39}.Release (SQL Server Only)|Any CPU.Build.0 = Release|Any CPU
		{C9FC1EB2-96C9-4458-AAD4-0432E0D33C39}.Release (SQL Server Only)|Mixed Platforms.ActiveCfg = Release|Any CPU
		{C9FC1EB2-96C9-4458-AAD4-0432E0D33C39}.Release (SQL Server Only)|Mixed Platforms.Build.0 = Release|Any CPU
		{C9FC1EB2-96C9-4458-AAD4-0432E0D33C39}.Release (SQL Server Only)|x64.ActiveCfg = Release|Any CPU
		{C9FC1EB2-96C9-4458-AAD4-0432E0D33C39}.Release (SQL Server Only)|x86.ActiveCfg = Release|Any CPU
		{C9FC1EB2-96C9-4458-AAD4-0432E0D33C39}.Release|.NET.ActiveCfg = Release|Any CPU
		{C9FC1EB2-96C9-4458-AAD4-0432E0D33C39}.Release|Any CPU.ActiveCfg = Release|Any CPU
		{C9FC1EB2-96C9-4458-AAD4-0432E0D33C39}.Release|Any CPU.Build.0 = Release|Any CPU
		{C9FC1EB2-96C9-4458-AAD4-0432E0D33C39}.Release|Mixed Platforms.ActiveCfg = Release|Any CPU
		{C9FC1EB2-96C9-4458-AAD4-0432E0D33C39}.Release|Mixed Platforms.Build.0 = Release|Any CPU
		{C9FC1EB2-96C9-4458-AAD4-0432E0D33C39}.Release|x64.ActiveCfg = Release|Any CPU
		{C9FC1EB2-96C9-4458-AAD4-0432E0D33C39}.Release|x86.ActiveCfg = Release|Any CPU
		{C9FC1EB2-96C9-4458-AAD4-0432E0D33C39}.ReleaseMono|.NET.ActiveCfg = Release|Any CPU
		{C9FC1EB2-96C9-4458-AAD4-0432E0D33C39}.ReleaseMono|Any CPU.ActiveCfg = Release|Any CPU
		{C9FC1EB2-96C9-4458-AAD4-0432E0D33C39}.ReleaseMono|Any CPU.Build.0 = Release|Any CPU
		{C9FC1EB2-96C9-4458-AAD4-0432E0D33C39}.ReleaseMono|Mixed Platforms.ActiveCfg = Release|Any CPU
		{C9FC1EB2-96C9-4458-AAD4-0432E0D33C39}.ReleaseMono|Mixed Platforms.Build.0 = Release|Any CPU
		{C9FC1EB2-96C9-4458-AAD4-0432E0D33C39}.ReleaseMono|x64.ActiveCfg = Release|Any CPU
		{C9FC1EB2-96C9-4458-AAD4-0432E0D33C39}.ReleaseMono|x86.ActiveCfg = Release|Any CPU
		{E0D12031-BFDD-4069-9024-8B00A2AA6DBC}.Debug (SQL Server Only)|.NET.ActiveCfg = Debug|Any CPU
		{E0D12031-BFDD-4069-9024-8B00A2AA6DBC}.Debug (SQL Server Only)|Any CPU.ActiveCfg = Debug|Any CPU
		{E0D12031-BFDD-4069-9024-8B00A2AA6DBC}.Debug (SQL Server Only)|Any CPU.Build.0 = Debug|Any CPU
		{E0D12031-BFDD-4069-9024-8B00A2AA6DBC}.Debug (SQL Server Only)|Mixed Platforms.ActiveCfg = Debug|Any CPU
		{E0D12031-BFDD-4069-9024-8B00A2AA6DBC}.Debug (SQL Server Only)|Mixed Platforms.Build.0 = Debug|Any CPU
		{E0D12031-BFDD-4069-9024-8B00A2AA6DBC}.Debug (SQL Server Only)|x64.ActiveCfg = Debug|Any CPU
		{E0D12031-BFDD-4069-9024-8B00A2AA6DBC}.Debug (SQL Server Only)|x86.ActiveCfg = Debug|Any CPU
		{E0D12031-BFDD-4069-9024-8B00A2AA6DBC}.Debug|.NET.ActiveCfg = Debug|Any CPU
		{E0D12031-BFDD-4069-9024-8B00A2AA6DBC}.Debug|Any CPU.ActiveCfg = Debug|Any CPU
		{E0D12031-BFDD-4069-9024-8B00A2AA6DBC}.Debug|Any CPU.Build.0 = Debug|Any CPU
		{E0D12031-BFDD-4069-9024-8B00A2AA6DBC}.Debug|Mixed Platforms.ActiveCfg = Debug|Any CPU
		{E0D12031-BFDD-4069-9024-8B00A2AA6DBC}.Debug|Mixed Platforms.Build.0 = Debug|Any CPU
		{E0D12031-BFDD-4069-9024-8B00A2AA6DBC}.Debug|x64.ActiveCfg = Debug|Any CPU
		{E0D12031-BFDD-4069-9024-8B00A2AA6DBC}.Debug|x86.ActiveCfg = Debug|Any CPU
		{E0D12031-BFDD-4069-9024-8B00A2AA6DBC}.DebugMono|.NET.ActiveCfg = Debug|Any CPU
		{E0D12031-BFDD-4069-9024-8B00A2AA6DBC}.DebugMono|Any CPU.ActiveCfg = Debug|Any CPU
		{E0D12031-BFDD-4069-9024-8B00A2AA6DBC}.DebugMono|Any CPU.Build.0 = Debug|Any CPU
		{E0D12031-BFDD-4069-9024-8B00A2AA6DBC}.DebugMono|Mixed Platforms.ActiveCfg = Debug|Any CPU
		{E0D12031-BFDD-4069-9024-8B00A2AA6DBC}.DebugMono|Mixed Platforms.Build.0 = Debug|Any CPU
		{E0D12031-BFDD-4069-9024-8B00A2AA6DBC}.DebugMono|x64.ActiveCfg = Debug|Any CPU
		{E0D12031-BFDD-4069-9024-8B00A2AA6DBC}.DebugMono|x86.ActiveCfg = Debug|Any CPU
		{E0D12031-BFDD-4069-9024-8B00A2AA6DBC}.Production|.NET.ActiveCfg = Release|Any CPU
		{E0D12031-BFDD-4069-9024-8B00A2AA6DBC}.Production|Any CPU.ActiveCfg = Release|Any CPU
		{E0D12031-BFDD-4069-9024-8B00A2AA6DBC}.Production|Any CPU.Build.0 = Release|Any CPU
		{E0D12031-BFDD-4069-9024-8B00A2AA6DBC}.Production|Mixed Platforms.ActiveCfg = Release|Any CPU
		{E0D12031-BFDD-4069-9024-8B00A2AA6DBC}.Production|Mixed Platforms.Build.0 = Release|Any CPU
		{E0D12031-BFDD-4069-9024-8B00A2AA6DBC}.Production|x64.ActiveCfg = Release|Any CPU
		{E0D12031-BFDD-4069-9024-8B00A2AA6DBC}.Production|x86.ActiveCfg = Release|Any CPU
		{E0D12031-BFDD-4069-9024-8B00A2AA6DBC}.Release (SQL Server Only)|.NET.ActiveCfg = Release|Any CPU
		{E0D12031-BFDD-4069-9024-8B00A2AA6DBC}.Release (SQL Server Only)|Any CPU.ActiveCfg = Release|Any CPU
		{E0D12031-BFDD-4069-9024-8B00A2AA6DBC}.Release (SQL Server Only)|Any CPU.Build.0 = Release|Any CPU
		{E0D12031-BFDD-4069-9024-8B00A2AA6DBC}.Release (SQL Server Only)|Mixed Platforms.ActiveCfg = Release|Any CPU
		{E0D12031-BFDD-4069-9024-8B00A2AA6DBC}.Release (SQL Server Only)|Mixed Platforms.Build.0 = Release|Any CPU
		{E0D12031-BFDD-4069-9024-8B00A2AA6DBC}.Release (SQL Server Only)|x64.ActiveCfg = Release|Any CPU
		{E0D12031-BFDD-4069-9024-8B00A2AA6DBC}.Release (SQL Server Only)|x86.ActiveCfg = Release|Any CPU
		{E0D12031-BFDD-4069-9024-8B00A2AA6DBC}.Release|.NET.ActiveCfg = Release|Any CPU
		{E0D12031-BFDD-4069-9024-8B00A2AA6DBC}.Release|Any CPU.ActiveCfg = Release|Any CPU
		{E0D12031-BFDD-4069-9024-8B00A2AA6DBC}.Release|Any CPU.Build.0 = Release|Any CPU
		{E0D12031-BFDD-4069-9024-8B00A2AA6DBC}.Release|Mixed Platforms.ActiveCfg = Release|Any CPU
		{E0D12031-BFDD-4069-9024-8B00A2AA6DBC}.Release|Mixed Platforms.Build.0 = Release|Any CPU
		{E0D12031-BFDD-4069-9024-8B00A2AA6DBC}.Release|x64.ActiveCfg = Release|Any CPU
		{E0D12031-BFDD-4069-9024-8B00A2AA6DBC}.Release|x86.ActiveCfg = Release|Any CPU
		{E0D12031-BFDD-4069-9024-8B00A2AA6DBC}.ReleaseMono|.NET.ActiveCfg = Release|Any CPU
		{E0D12031-BFDD-4069-9024-8B00A2AA6DBC}.ReleaseMono|Any CPU.ActiveCfg = Release|Any CPU
		{E0D12031-BFDD-4069-9024-8B00A2AA6DBC}.ReleaseMono|Any CPU.Build.0 = Release|Any CPU
		{E0D12031-BFDD-4069-9024-8B00A2AA6DBC}.ReleaseMono|Mixed Platforms.ActiveCfg = Release|Any CPU
		{E0D12031-BFDD-4069-9024-8B00A2AA6DBC}.ReleaseMono|Mixed Platforms.Build.0 = Release|Any CPU
		{E0D12031-BFDD-4069-9024-8B00A2AA6DBC}.ReleaseMono|x64.ActiveCfg = Release|Any CPU
		{E0D12031-BFDD-4069-9024-8B00A2AA6DBC}.ReleaseMono|x86.ActiveCfg = Release|Any CPU
		{30916752-1A97-49CA-95D6-81A5F784EEB5}.Debug (SQL Server Only)|.NET.ActiveCfg = Debug|Any CPU
		{30916752-1A97-49CA-95D6-81A5F784EEB5}.Debug (SQL Server Only)|Any CPU.ActiveCfg = Debug|Any CPU
		{30916752-1A97-49CA-95D6-81A5F784EEB5}.Debug (SQL Server Only)|Any CPU.Build.0 = Debug|Any CPU
		{30916752-1A97-49CA-95D6-81A5F784EEB5}.Debug (SQL Server Only)|Mixed Platforms.ActiveCfg = Debug|Any CPU
		{30916752-1A97-49CA-95D6-81A5F784EEB5}.Debug (SQL Server Only)|Mixed Platforms.Build.0 = Debug|Any CPU
		{30916752-1A97-49CA-95D6-81A5F784EEB5}.Debug (SQL Server Only)|x64.ActiveCfg = Debug|Any CPU
		{30916752-1A97-49CA-95D6-81A5F784EEB5}.Debug (SQL Server Only)|x86.ActiveCfg = Debug|Any CPU
		{30916752-1A97-49CA-95D6-81A5F784EEB5}.Debug|.NET.ActiveCfg = Debug|Any CPU
		{30916752-1A97-49CA-95D6-81A5F784EEB5}.Debug|Any CPU.ActiveCfg = Debug|Any CPU
		{30916752-1A97-49CA-95D6-81A5F784EEB5}.Debug|Any CPU.Build.0 = Debug|Any CPU
		{30916752-1A97-49CA-95D6-81A5F784EEB5}.Debug|Mixed Platforms.ActiveCfg = Debug|Any CPU
		{30916752-1A97-49CA-95D6-81A5F784EEB5}.Debug|Mixed Platforms.Build.0 = Debug|Any CPU
		{30916752-1A97-49CA-95D6-81A5F784EEB5}.Debug|x64.ActiveCfg = Debug|Any CPU
		{30916752-1A97-49CA-95D6-81A5F784EEB5}.Debug|x86.ActiveCfg = Debug|Any CPU
		{30916752-1A97-49CA-95D6-81A5F784EEB5}.DebugMono|.NET.ActiveCfg = Debug|Any CPU
		{30916752-1A97-49CA-95D6-81A5F784EEB5}.DebugMono|Any CPU.ActiveCfg = Debug|Any CPU
		{30916752-1A97-49CA-95D6-81A5F784EEB5}.DebugMono|Any CPU.Build.0 = Debug|Any CPU
		{30916752-1A97-49CA-95D6-81A5F784EEB5}.DebugMono|Mixed Platforms.ActiveCfg = Debug|Any CPU
		{30916752-1A97-49CA-95D6-81A5F784EEB5}.DebugMono|Mixed Platforms.Build.0 = Debug|Any CPU
		{30916752-1A97-49CA-95D6-81A5F784EEB5}.DebugMono|x64.ActiveCfg = Debug|Any CPU
		{30916752-1A97-49CA-95D6-81A5F784EEB5}.DebugMono|x86.ActiveCfg = Debug|Any CPU
		{30916752-1A97-49CA-95D6-81A5F784EEB5}.Production|.NET.ActiveCfg = Release|Any CPU
		{30916752-1A97-49CA-95D6-81A5F784EEB5}.Production|Any CPU.ActiveCfg = Release|Any CPU
		{30916752-1A97-49CA-95D6-81A5F784EEB5}.Production|Any CPU.Build.0 = Release|Any CPU
		{30916752-1A97-49CA-95D6-81A5F784EEB5}.Production|Mixed Platforms.ActiveCfg = Release|Any CPU
		{30916752-1A97-49CA-95D6-81A5F784EEB5}.Production|Mixed Platforms.Build.0 = Release|Any CPU
		{30916752-1A97-49CA-95D6-81A5F784EEB5}.Production|x64.ActiveCfg = Release|Any CPU
		{30916752-1A97-49CA-95D6-81A5F784EEB5}.Production|x86.ActiveCfg = Release|Any CPU
		{30916752-1A97-49CA-95D6-81A5F784EEB5}.Release (SQL Server Only)|.NET.ActiveCfg = Release|Any CPU
		{30916752-1A97-49CA-95D6-81A5F784EEB5}.Release (SQL Server Only)|Any CPU.ActiveCfg = Release|Any CPU
		{30916752-1A97-49CA-95D6-81A5F784EEB5}.Release (SQL Server Only)|Any CPU.Build.0 = Release|Any CPU
		{30916752-1A97-49CA-95D6-81A5F784EEB5}.Release (SQL Server Only)|Mixed Platforms.ActiveCfg = Release|Any CPU
		{30916752-1A97-49CA-95D6-81A5F784EEB5}.Release (SQL Server Only)|Mixed Platforms.Build.0 = Release|Any CPU
		{30916752-1A97-49CA-95D6-81A5F784EEB5}.Release (SQL Server Only)|x64.ActiveCfg = Release|Any CPU
		{30916752-1A97-49CA-95D6-81A5F784EEB5}.Release (SQL Server Only)|x86.ActiveCfg = Release|Any CPU
		{30916752-1A97-49CA-95D6-81A5F784EEB5}.Release|.NET.ActiveCfg = Release|Any CPU
		{30916752-1A97-49CA-95D6-81A5F784EEB5}.Release|Any CPU.ActiveCfg = Release|Any CPU
		{30916752-1A97-49CA-95D6-81A5F784EEB5}.Release|Any CPU.Build.0 = Release|Any CPU
		{30916752-1A97-49CA-95D6-81A5F784EEB5}.Release|Mixed Platforms.ActiveCfg = Release|Any CPU
		{30916752-1A97-49CA-95D6-81A5F784EEB5}.Release|Mixed Platforms.Build.0 = Release|Any CPU
		{30916752-1A97-49CA-95D6-81A5F784EEB5}.Release|x64.ActiveCfg = Release|Any CPU
		{30916752-1A97-49CA-95D6-81A5F784EEB5}.Release|x86.ActiveCfg = Release|Any CPU
		{30916752-1A97-49CA-95D6-81A5F784EEB5}.ReleaseMono|.NET.ActiveCfg = Release|Any CPU
		{30916752-1A97-49CA-95D6-81A5F784EEB5}.ReleaseMono|Any CPU.ActiveCfg = Release|Any CPU
		{30916752-1A97-49CA-95D6-81A5F784EEB5}.ReleaseMono|Any CPU.Build.0 = Release|Any CPU
		{30916752-1A97-49CA-95D6-81A5F784EEB5}.ReleaseMono|Mixed Platforms.ActiveCfg = Release|Any CPU
		{30916752-1A97-49CA-95D6-81A5F784EEB5}.ReleaseMono|Mixed Platforms.Build.0 = Release|Any CPU
		{30916752-1A97-49CA-95D6-81A5F784EEB5}.ReleaseMono|x64.ActiveCfg = Release|Any CPU
		{30916752-1A97-49CA-95D6-81A5F784EEB5}.ReleaseMono|x86.ActiveCfg = Release|Any CPU
		{103F2B02-3224-48BC-B173-1F7E1C85178A}.Debug (SQL Server Only)|.NET.ActiveCfg = Debug|Any CPU
		{103F2B02-3224-48BC-B173-1F7E1C85178A}.Debug (SQL Server Only)|Any CPU.ActiveCfg = Debug|Any CPU
		{103F2B02-3224-48BC-B173-1F7E1C85178A}.Debug (SQL Server Only)|Any CPU.Build.0 = Debug|Any CPU
		{103F2B02-3224-48BC-B173-1F7E1C85178A}.Debug (SQL Server Only)|Mixed Platforms.ActiveCfg = Debug|Any CPU
		{103F2B02-3224-48BC-B173-1F7E1C85178A}.Debug (SQL Server Only)|Mixed Platforms.Build.0 = Debug|Any CPU
		{103F2B02-3224-48BC-B173-1F7E1C85178A}.Debug (SQL Server Only)|x64.ActiveCfg = Debug|Any CPU
		{103F2B02-3224-48BC-B173-1F7E1C85178A}.Debug (SQL Server Only)|x86.ActiveCfg = Debug|Any CPU
		{103F2B02-3224-48BC-B173-1F7E1C85178A}.Debug|.NET.ActiveCfg = Debug|Any CPU
		{103F2B02-3224-48BC-B173-1F7E1C85178A}.Debug|Any CPU.ActiveCfg = Debug|Any CPU
		{103F2B02-3224-48BC-B173-1F7E1C85178A}.Debug|Any CPU.Build.0 = Debug|Any CPU
		{103F2B02-3224-48BC-B173-1F7E1C85178A}.Debug|Mixed Platforms.ActiveCfg = Debug|Any CPU
		{103F2B02-3224-48BC-B173-1F7E1C85178A}.Debug|Mixed Platforms.Build.0 = Debug|Any CPU
		{103F2B02-3224-48BC-B173-1F7E1C85178A}.Debug|x64.ActiveCfg = Debug|Any CPU
		{103F2B02-3224-48BC-B173-1F7E1C85178A}.Debug|x86.ActiveCfg = Debug|Any CPU
		{103F2B02-3224-48BC-B173-1F7E1C85178A}.DebugMono|.NET.ActiveCfg = Debug|Any CPU
		{103F2B02-3224-48BC-B173-1F7E1C85178A}.DebugMono|Any CPU.ActiveCfg = Debug|Any CPU
		{103F2B02-3224-48BC-B173-1F7E1C85178A}.DebugMono|Any CPU.Build.0 = Debug|Any CPU
		{103F2B02-3224-48BC-B173-1F7E1C85178A}.DebugMono|Mixed Platforms.ActiveCfg = Debug|Any CPU
		{103F2B02-3224-48BC-B173-1F7E1C85178A}.DebugMono|Mixed Platforms.Build.0 = Debug|Any CPU
		{103F2B02-3224-48BC-B173-1F7E1C85178A}.DebugMono|x64.ActiveCfg = Debug|Any CPU
		{103F2B02-3224-48BC-B173-1F7E1C85178A}.DebugMono|x86.ActiveCfg = Debug|Any CPU
		{103F2B02-3224-48BC-B173-1F7E1C85178A}.Production|.NET.ActiveCfg = Release|Any CPU
		{103F2B02-3224-48BC-B173-1F7E1C85178A}.Production|Any CPU.ActiveCfg = Release|Any CPU
		{103F2B02-3224-48BC-B173-1F7E1C85178A}.Production|Any CPU.Build.0 = Release|Any CPU
		{103F2B02-3224-48BC-B173-1F7E1C85178A}.Production|Mixed Platforms.ActiveCfg = Release|Any CPU
		{103F2B02-3224-48BC-B173-1F7E1C85178A}.Production|Mixed Platforms.Build.0 = Release|Any CPU
		{103F2B02-3224-48BC-B173-1F7E1C85178A}.Production|x64.ActiveCfg = Release|Any CPU
		{103F2B02-3224-48BC-B173-1F7E1C85178A}.Production|x86.ActiveCfg = Release|Any CPU
		{103F2B02-3224-48BC-B173-1F7E1C85178A}.Release (SQL Server Only)|.NET.ActiveCfg = Release|Any CPU
		{103F2B02-3224-48BC-B173-1F7E1C85178A}.Release (SQL Server Only)|Any CPU.ActiveCfg = Release|Any CPU
		{103F2B02-3224-48BC-B173-1F7E1C85178A}.Release (SQL Server Only)|Any CPU.Build.0 = Release|Any CPU
		{103F2B02-3224-48BC-B173-1F7E1C85178A}.Release (SQL Server Only)|Mixed Platforms.ActiveCfg = Release|Any CPU
		{103F2B02-3224-48BC-B173-1F7E1C85178A}.Release (SQL Server Only)|Mixed Platforms.Build.0 = Release|Any CPU
		{103F2B02-3224-48BC-B173-1F7E1C85178A}.Release (SQL Server Only)|x64.ActiveCfg = Release|Any CPU
		{103F2B02-3224-48BC-B173-1F7E1C85178A}.Release (SQL Server Only)|x86.ActiveCfg = Release|Any CPU
		{103F2B02-3224-48BC-B173-1F7E1C85178A}.Release|.NET.ActiveCfg = Release|Any CPU
		{103F2B02-3224-48BC-B173-1F7E1C85178A}.Release|Any CPU.ActiveCfg = Release|Any CPU
		{103F2B02-3224-48BC-B173-1F7E1C85178A}.Release|Any CPU.Build.0 = Release|Any CPU
		{103F2B02-3224-48BC-B173-1F7E1C85178A}.Release|Mixed Platforms.ActiveCfg = Release|Any CPU
		{103F2B02-3224-48BC-B173-1F7E1C85178A}.Release|Mixed Platforms.Build.0 = Release|Any CPU
		{103F2B02-3224-48BC-B173-1F7E1C85178A}.Release|x64.ActiveCfg = Release|Any CPU
		{103F2B02-3224-48BC-B173-1F7E1C85178A}.Release|x86.ActiveCfg = Release|Any CPU
		{103F2B02-3224-48BC-B173-1F7E1C85178A}.ReleaseMono|.NET.ActiveCfg = Release|Any CPU
		{103F2B02-3224-48BC-B173-1F7E1C85178A}.ReleaseMono|Any CPU.ActiveCfg = Release|Any CPU
		{103F2B02-3224-48BC-B173-1F7E1C85178A}.ReleaseMono|Any CPU.Build.0 = Release|Any CPU
		{103F2B02-3224-48BC-B173-1F7E1C85178A}.ReleaseMono|Mixed Platforms.ActiveCfg = Release|Any CPU
		{103F2B02-3224-48BC-B173-1F7E1C85178A}.ReleaseMono|Mixed Platforms.Build.0 = Release|Any CPU
		{103F2B02-3224-48BC-B173-1F7E1C85178A}.ReleaseMono|x64.ActiveCfg = Release|Any CPU
		{103F2B02-3224-48BC-B173-1F7E1C85178A}.ReleaseMono|x86.ActiveCfg = Release|Any CPU
		{A2DCD1E2-A5C3-4E37-A5F2-093659BC1C38}.Debug (SQL Server Only)|.NET.ActiveCfg = Debug|Any CPU
		{A2DCD1E2-A5C3-4E37-A5F2-093659BC1C38}.Debug (SQL Server Only)|Any CPU.ActiveCfg = Debug|Any CPU
		{A2DCD1E2-A5C3-4E37-A5F2-093659BC1C38}.Debug (SQL Server Only)|Any CPU.Build.0 = Debug|Any CPU
		{A2DCD1E2-A5C3-4E37-A5F2-093659BC1C38}.Debug (SQL Server Only)|Mixed Platforms.ActiveCfg = Debug|Any CPU
		{A2DCD1E2-A5C3-4E37-A5F2-093659BC1C38}.Debug (SQL Server Only)|Mixed Platforms.Build.0 = Debug|Any CPU
		{A2DCD1E2-A5C3-4E37-A5F2-093659BC1C38}.Debug (SQL Server Only)|x64.ActiveCfg = Debug|Any CPU
		{A2DCD1E2-A5C3-4E37-A5F2-093659BC1C38}.Debug (SQL Server Only)|x86.ActiveCfg = Debug|Any CPU
		{A2DCD1E2-A5C3-4E37-A5F2-093659BC1C38}.Debug|.NET.ActiveCfg = Debug|Any CPU
		{A2DCD1E2-A5C3-4E37-A5F2-093659BC1C38}.Debug|Any CPU.ActiveCfg = Debug|Any CPU
		{A2DCD1E2-A5C3-4E37-A5F2-093659BC1C38}.Debug|Any CPU.Build.0 = Debug|Any CPU
		{A2DCD1E2-A5C3-4E37-A5F2-093659BC1C38}.Debug|Mixed Platforms.ActiveCfg = Debug|Any CPU
		{A2DCD1E2-A5C3-4E37-A5F2-093659BC1C38}.Debug|Mixed Platforms.Build.0 = Debug|Any CPU
		{A2DCD1E2-A5C3-4E37-A5F2-093659BC1C38}.Debug|x64.ActiveCfg = Debug|Any CPU
		{A2DCD1E2-A5C3-4E37-A5F2-093659BC1C38}.Debug|x86.ActiveCfg = Debug|Any CPU
		{A2DCD1E2-A5C3-4E37-A5F2-093659BC1C38}.DebugMono|.NET.ActiveCfg = Debug|Any CPU
		{A2DCD1E2-A5C3-4E37-A5F2-093659BC1C38}.DebugMono|Any CPU.ActiveCfg = Debug|Any CPU
		{A2DCD1E2-A5C3-4E37-A5F2-093659BC1C38}.DebugMono|Any CPU.Build.0 = Debug|Any CPU
		{A2DCD1E2-A5C3-4E37-A5F2-093659BC1C38}.DebugMono|Mixed Platforms.ActiveCfg = Debug|Any CPU
		{A2DCD1E2-A5C3-4E37-A5F2-093659BC1C38}.DebugMono|Mixed Platforms.Build.0 = Debug|Any CPU
		{A2DCD1E2-A5C3-4E37-A5F2-093659BC1C38}.DebugMono|x64.ActiveCfg = Debug|Any CPU
		{A2DCD1E2-A5C3-4E37-A5F2-093659BC1C38}.DebugMono|x86.ActiveCfg = Debug|Any CPU
		{A2DCD1E2-A5C3-4E37-A5F2-093659BC1C38}.Production|.NET.ActiveCfg = Release|Any CPU
		{A2DCD1E2-A5C3-4E37-A5F2-093659BC1C38}.Production|Any CPU.ActiveCfg = Release|Any CPU
		{A2DCD1E2-A5C3-4E37-A5F2-093659BC1C38}.Production|Any CPU.Build.0 = Release|Any CPU
		{A2DCD1E2-A5C3-4E37-A5F2-093659BC1C38}.Production|Mixed Platforms.ActiveCfg = Release|Any CPU
		{A2DCD1E2-A5C3-4E37-A5F2-093659BC1C38}.Production|Mixed Platforms.Build.0 = Release|Any CPU
		{A2DCD1E2-A5C3-4E37-A5F2-093659BC1C38}.Production|x64.ActiveCfg = Release|Any CPU
		{A2DCD1E2-A5C3-4E37-A5F2-093659BC1C38}.Production|x86.ActiveCfg = Release|Any CPU
		{A2DCD1E2-A5C3-4E37-A5F2-093659BC1C38}.Release (SQL Server Only)|.NET.ActiveCfg = Release|Any CPU
		{A2DCD1E2-A5C3-4E37-A5F2-093659BC1C38}.Release (SQL Server Only)|Any CPU.ActiveCfg = Release|Any CPU
		{A2DCD1E2-A5C3-4E37-A5F2-093659BC1C38}.Release (SQL Server Only)|Any CPU.Build.0 = Release|Any CPU
		{A2DCD1E2-A5C3-4E37-A5F2-093659BC1C38}.Release (SQL Server Only)|Mixed Platforms.ActiveCfg = Release|Any CPU
		{A2DCD1E2-A5C3-4E37-A5F2-093659BC1C38}.Release (SQL Server Only)|Mixed Platforms.Build.0 = Release|Any CPU
		{A2DCD1E2-A5C3-4E37-A5F2-093659BC1C38}.Release (SQL Server Only)|x64.ActiveCfg = Release|Any CPU
		{A2DCD1E2-A5C3-4E37-A5F2-093659BC1C38}.Release (SQL Server Only)|x86.ActiveCfg = Release|Any CPU
		{A2DCD1E2-A5C3-4E37-A5F2-093659BC1C38}.Release|.NET.ActiveCfg = Release|Any CPU
		{A2DCD1E2-A5C3-4E37-A5F2-093659BC1C38}.Release|Any CPU.ActiveCfg = Release|Any CPU
		{A2DCD1E2-A5C3-4E37-A5F2-093659BC1C38}.Release|Any CPU.Build.0 = Release|Any CPU
		{A2DCD1E2-A5C3-4E37-A5F2-093659BC1C38}.Release|Mixed Platforms.ActiveCfg = Release|Any CPU
		{A2DCD1E2-A5C3-4E37-A5F2-093659BC1C38}.Release|Mixed Platforms.Build.0 = Release|Any CPU
		{A2DCD1E2-A5C3-4E37-A5F2-093659BC1C38}.Release|x64.ActiveCfg = Release|Any CPU
		{A2DCD1E2-A5C3-4E37-A5F2-093659BC1C38}.Release|x86.ActiveCfg = Release|Any CPU
		{A2DCD1E2-A5C3-4E37-A5F2-093659BC1C38}.ReleaseMono|.NET.ActiveCfg = Release|Any CPU
		{A2DCD1E2-A5C3-4E37-A5F2-093659BC1C38}.ReleaseMono|Any CPU.ActiveCfg = Release|Any CPU
		{A2DCD1E2-A5C3-4E37-A5F2-093659BC1C38}.ReleaseMono|Any CPU.Build.0 = Release|Any CPU
		{A2DCD1E2-A5C3-4E37-A5F2-093659BC1C38}.ReleaseMono|Mixed Platforms.ActiveCfg = Release|Any CPU
		{A2DCD1E2-A5C3-4E37-A5F2-093659BC1C38}.ReleaseMono|Mixed Platforms.Build.0 = Release|Any CPU
		{A2DCD1E2-A5C3-4E37-A5F2-093659BC1C38}.ReleaseMono|x64.ActiveCfg = Release|Any CPU
		{A2DCD1E2-A5C3-4E37-A5F2-093659BC1C38}.ReleaseMono|x86.ActiveCfg = Release|Any CPU
		{4F6DDA2C-C9B8-45B2-AADA-3FF922317661}.Debug (SQL Server Only)|.NET.ActiveCfg = Debug|Any CPU
		{4F6DDA2C-C9B8-45B2-AADA-3FF922317661}.Debug (SQL Server Only)|Any CPU.ActiveCfg = Debug|Any CPU
		{4F6DDA2C-C9B8-45B2-AADA-3FF922317661}.Debug (SQL Server Only)|Any CPU.Build.0 = Debug|Any CPU
		{4F6DDA2C-C9B8-45B2-AADA-3FF922317661}.Debug (SQL Server Only)|Mixed Platforms.ActiveCfg = Debug|Any CPU
		{4F6DDA2C-C9B8-45B2-AADA-3FF922317661}.Debug (SQL Server Only)|Mixed Platforms.Build.0 = Debug|Any CPU
		{4F6DDA2C-C9B8-45B2-AADA-3FF922317661}.Debug (SQL Server Only)|x64.ActiveCfg = Debug|Any CPU
		{4F6DDA2C-C9B8-45B2-AADA-3FF922317661}.Debug (SQL Server Only)|x86.ActiveCfg = Debug|Any CPU
		{4F6DDA2C-C9B8-45B2-AADA-3FF922317661}.Debug|.NET.ActiveCfg = Debug|Any CPU
		{4F6DDA2C-C9B8-45B2-AADA-3FF922317661}.Debug|Any CPU.ActiveCfg = Debug|Any CPU
		{4F6DDA2C-C9B8-45B2-AADA-3FF922317661}.Debug|Any CPU.Build.0 = Debug|Any CPU
		{4F6DDA2C-C9B8-45B2-AADA-3FF922317661}.Debug|Mixed Platforms.ActiveCfg = Debug|Any CPU
		{4F6DDA2C-C9B8-45B2-AADA-3FF922317661}.Debug|Mixed Platforms.Build.0 = Debug|Any CPU
		{4F6DDA2C-C9B8-45B2-AADA-3FF922317661}.Debug|x64.ActiveCfg = Debug|Any CPU
		{4F6DDA2C-C9B8-45B2-AADA-3FF922317661}.Debug|x86.ActiveCfg = Debug|Any CPU
		{4F6DDA2C-C9B8-45B2-AADA-3FF922317661}.DebugMono|.NET.ActiveCfg = Debug|Any CPU
		{4F6DDA2C-C9B8-45B2-AADA-3FF922317661}.DebugMono|Any CPU.ActiveCfg = Debug|Any CPU
		{4F6DDA2C-C9B8-45B2-AADA-3FF922317661}.DebugMono|Any CPU.Build.0 = Debug|Any CPU
		{4F6DDA2C-C9B8-45B2-AADA-3FF922317661}.DebugMono|Mixed Platforms.ActiveCfg = Debug|Any CPU
		{4F6DDA2C-C9B8-45B2-AADA-3FF922317661}.DebugMono|Mixed Platforms.Build.0 = Debug|Any CPU
		{4F6DDA2C-C9B8-45B2-AADA-3FF922317661}.DebugMono|x64.ActiveCfg = Debug|Any CPU
		{4F6DDA2C-C9B8-45B2-AADA-3FF922317661}.DebugMono|x86.ActiveCfg = Debug|Any CPU
		{4F6DDA2C-C9B8-45B2-AADA-3FF922317661}.Production|.NET.ActiveCfg = Release|Any CPU
		{4F6DDA2C-C9B8-45B2-AADA-3FF922317661}.Production|Any CPU.ActiveCfg = Release|Any CPU
		{4F6DDA2C-C9B8-45B2-AADA-3FF922317661}.Production|Any CPU.Build.0 = Release|Any CPU
		{4F6DDA2C-C9B8-45B2-AADA-3FF922317661}.Production|Mixed Platforms.ActiveCfg = Release|Any CPU
		{4F6DDA2C-C9B8-45B2-AADA-3FF922317661}.Production|Mixed Platforms.Build.0 = Release|Any CPU
		{4F6DDA2C-C9B8-45B2-AADA-3FF922317661}.Production|x64.ActiveCfg = Release|Any CPU
		{4F6DDA2C-C9B8-45B2-AADA-3FF922317661}.Production|x86.ActiveCfg = Release|Any CPU
		{4F6DDA2C-C9B8-45B2-AADA-3FF922317661}.Release (SQL Server Only)|.NET.ActiveCfg = Release|Any CPU
		{4F6DDA2C-C9B8-45B2-AADA-3FF922317661}.Release (SQL Server Only)|Any CPU.ActiveCfg = Release|Any CPU
		{4F6DDA2C-C9B8-45B2-AADA-3FF922317661}.Release (SQL Server Only)|Any CPU.Build.0 = Release|Any CPU
		{4F6DDA2C-C9B8-45B2-AADA-3FF922317661}.Release (SQL Server Only)|Mixed Platforms.ActiveCfg = Release|Any CPU
		{4F6DDA2C-C9B8-45B2-AADA-3FF922317661}.Release (SQL Server Only)|Mixed Platforms.Build.0 = Release|Any CPU
		{4F6DDA2C-C9B8-45B2-AADA-3FF922317661}.Release (SQL Server Only)|x64.ActiveCfg = Release|Any CPU
		{4F6DDA2C-C9B8-45B2-AADA-3FF922317661}.Release (SQL Server Only)|x86.ActiveCfg = Release|Any CPU
		{4F6DDA2C-C9B8-45B2-AADA-3FF922317661}.Release|.NET.ActiveCfg = Release|Any CPU
		{4F6DDA2C-C9B8-45B2-AADA-3FF922317661}.Release|Any CPU.ActiveCfg = Release|Any CPU
		{4F6DDA2C-C9B8-45B2-AADA-3FF922317661}.Release|Any CPU.Build.0 = Release|Any CPU
		{4F6DDA2C-C9B8-45B2-AADA-3FF922317661}.Release|Mixed Platforms.ActiveCfg = Release|Any CPU
		{4F6DDA2C-C9B8-45B2-AADA-3FF922317661}.Release|Mixed Platforms.Build.0 = Release|Any CPU
		{4F6DDA2C-C9B8-45B2-AADA-3FF922317661}.Release|x64.ActiveCfg = Release|Any CPU
		{4F6DDA2C-C9B8-45B2-AADA-3FF922317661}.Release|x86.ActiveCfg = Release|Any CPU
		{4F6DDA2C-C9B8-45B2-AADA-3FF922317661}.ReleaseMono|.NET.ActiveCfg = Release|Any CPU
		{4F6DDA2C-C9B8-45B2-AADA-3FF922317661}.ReleaseMono|Any CPU.ActiveCfg = Release|Any CPU
		{4F6DDA2C-C9B8-45B2-AADA-3FF922317661}.ReleaseMono|Any CPU.Build.0 = Release|Any CPU
		{4F6DDA2C-C9B8-45B2-AADA-3FF922317661}.ReleaseMono|Mixed Platforms.ActiveCfg = Release|Any CPU
		{4F6DDA2C-C9B8-45B2-AADA-3FF922317661}.ReleaseMono|Mixed Platforms.Build.0 = Release|Any CPU
		{4F6DDA2C-C9B8-45B2-AADA-3FF922317661}.ReleaseMono|x64.ActiveCfg = Release|Any CPU
		{4F6DDA2C-C9B8-45B2-AADA-3FF922317661}.ReleaseMono|x86.ActiveCfg = Release|Any CPU
	EndGlobalSection
	GlobalSection(SolutionProperties) = preSolution
		HideSolutionNode = FALSE
	EndGlobalSection
	GlobalSection(NestedProjects) = preSolution
		{4EAD30EC-4F97-4F38-8530-1B7EDDB8FC8E} = {11D8AC5D-9E52-45F4-86B1-9C1BEFEA5D72}
		{8582D51E-126B-4D64-B080-07AD8245B38F} = {11D8AC5D-9E52-45F4-86B1-9C1BEFEA5D72}
		{65849992-8F44-4480-9494-1CA0D6325795} = {11D8AC5D-9E52-45F4-86B1-9C1BEFEA5D72}
		{30916752-1A97-49CA-95D6-81A5F784EEB5} = {11D8AC5D-9E52-45F4-86B1-9C1BEFEA5D72}
		{C224A35B-AB21-4476-A411-CA5BA406598B} = {3FC8EF89-5F5E-4BF6-B4D8-7BC64230D746}
		{C9FC1EB2-96C9-4458-AAD4-0432E0D33C39} = {3FC8EF89-5F5E-4BF6-B4D8-7BC64230D746}
		{E0D12031-BFDD-4069-9024-8B00A2AA6DBC} = {BD91F65D-2D6D-4EEB-BFDB-CBDBEF096830}
		{103F2B02-3224-48BC-B173-1F7E1C85178A} = {BD91F65D-2D6D-4EEB-BFDB-CBDBEF096830}
		{A2DCD1E2-A5C3-4E37-A5F2-093659BC1C38} = {BD91F65D-2D6D-4EEB-BFDB-CBDBEF096830}
		{4F6DDA2C-C9B8-45B2-AADA-3FF922317661} = {BD91F65D-2D6D-4EEB-BFDB-CBDBEF096830}
	EndGlobalSection
EndGlobal
